
Microsoft Visual Studio Solution File, Format Version 12.00
# Visual Studio 15
VisualStudioVersion = 15.0.28010.2041
MinimumVisualStudioVersion = 10.0.40219.1
Project("{8BC9CEB8-8B4A-11D0-8D11-00A0C91BC942}") = "CPP_Practice", "CPP_Practice\CPP_Practice.vcxproj", "{6E7F3A9F-F817-4F44-831B-C2611CDB4DC1}"
EndProject
Project("{8BC9CEB8-8B4A-11D0-8D11-00A0C91BC942}") = "standardExceptions", "standardExceptions\standardExceptions.vcxproj", "{76AF7828-CA8B-4515-BBD2-676E109F7D16}"
EndProject
Project("{8BC9CEB8-8B4A-11D0-8D11-00A0C91BC942}") = "customExceptions", "customExceptions\customExceptions.vcxproj", "{EADE1D89-5CEA-401D-AEAA-C6219603D8D1}"
EndProject
Project("{8BC9CEB8-8B4A-11D0-8D11-00A0C91BC942}") = "vectors", "vectors\vectors.vcxproj", "{602BDFCD-2A92-4192-B400-BEF7079E7C40}"
EndProject
Project("{8BC9CEB8-8B4A-11D0-8D11-00A0C91BC942}") = "vectorsAndMemory", "vectorsAndMemory\vectorsAndMemory.vcxproj", "{FF114C77-EB3D-43C5-8A42-1B541B0948FC}"
EndProject
Project("{8BC9CEB8-8B4A-11D0-8D11-00A0C91BC942}") = "templates", "templates\templates.vcxproj", "{F0F3AB5B-F8F6-49D7-B638-25FA35A30454}"
EndProject
Project("{8BC9CEB8-8B4A-11D0-8D11-00A0C91BC942}") = "polymorphism", "polymorphism\polymorphism.vcxproj", "{9448EA0B-2F29-4ED8-A457-BBD84CA91FFD}"
EndProject
Project("{8BC9CEB8-8B4A-11D0-8D11-00A0C91BC942}") = "Functors", "Functors\Functors.vcxproj", "{9AD7ADDE-0DB6-4F2A-B6D7-B9276C3661A2}"
EndProject
Project("{8BC9CEB8-8B4A-11D0-8D11-00A0C91BC942}") = "DecltypeAndTypeid", "DecltypeAndTypeid\DecltypeAndTypeid.vcxproj", "{A2081DF0-4B7A-4DDB-8E1B-9F3B0C954909}"
EndProject
Project("{8BC9CEB8-8B4A-11D0-8D11-00A0C91BC942}") = "Auto", "Auto\Auto.vcxproj", "{777C9869-6DB3-4A56-8E9C-D163A441365C}"
EndProject
Global
	GlobalSection(SolutionConfigurationPlatforms) = preSolution
		Debug|x64 = Debug|x64
		Debug|x86 = Debug|x86
		Release|x64 = Release|x64
		Release|x86 = Release|x86
	EndGlobalSection
	GlobalSection(ProjectConfigurationPlatforms) = postSolution
		{6E7F3A9F-F817-4F44-831B-C2611CDB4DC1}.Debug|x64.ActiveCfg = Debug|x64
		{6E7F3A9F-F817-4F44-831B-C2611CDB4DC1}.Debug|x64.Build.0 = Debug|x64
		{6E7F3A9F-F817-4F44-831B-C2611CDB4DC1}.Debug|x86.ActiveCfg = Debug|Win32
		{6E7F3A9F-F817-4F44-831B-C2611CDB4DC1}.Debug|x86.Build.0 = Debug|Win32
		{6E7F3A9F-F817-4F44-831B-C2611CDB4DC1}.Release|x64.ActiveCfg = Release|x64
		{6E7F3A9F-F817-4F44-831B-C2611CDB4DC1}.Release|x64.Build.0 = Release|x64
		{6E7F3A9F-F817-4F44-831B-C2611CDB4DC1}.Release|x86.ActiveCfg = Release|Win32
		{6E7F3A9F-F817-4F44-831B-C2611CDB4DC1}.Release|x86.Build.0 = Release|Win32
		{76AF7828-CA8B-4515-BBD2-676E109F7D16}.Debug|x64.ActiveCfg = Debug|x64
		{76AF7828-CA8B-4515-BBD2-676E109F7D16}.Debug|x64.Build.0 = Debug|x64
		{76AF7828-CA8B-4515-BBD2-676E109F7D16}.Debug|x86.ActiveCfg = Debug|Win32
		{76AF7828-CA8B-4515-BBD2-676E109F7D16}.Debug|x86.Build.0 = Debug|Win32
		{76AF7828-CA8B-4515-BBD2-676E109F7D16}.Release|x64.ActiveCfg = Release|x64
		{76AF7828-CA8B-4515-BBD2-676E109F7D16}.Release|x64.Build.0 = Release|x64
		{76AF7828-CA8B-4515-BBD2-676E109F7D16}.Release|x86.ActiveCfg = Release|Win32
		{76AF7828-CA8B-4515-BBD2-676E109F7D16}.Release|x86.Build.0 = Release|Win32
		{EADE1D89-5CEA-401D-AEAA-C6219603D8D1}.Debug|x64.ActiveCfg = Debug|x64
		{EADE1D89-5CEA-401D-AEAA-C6219603D8D1}.Debug|x64.Build.0 = Debug|x64
		{EADE1D89-5CEA-401D-AEAA-C6219603D8D1}.Debug|x86.ActiveCfg = Debug|Win32
		{EADE1D89-5CEA-401D-AEAA-C6219603D8D1}.Debug|x86.Build.0 = Debug|Win32
		{EADE1D89-5CEA-401D-AEAA-C6219603D8D1}.Release|x64.ActiveCfg = Release|x64
		{EADE1D89-5CEA-401D-AEAA-C6219603D8D1}.Release|x64.Build.0 = Release|x64
		{EADE1D89-5CEA-401D-AEAA-C6219603D8D1}.Release|x86.ActiveCfg = Release|Win32
		{EADE1D89-5CEA-401D-AEAA-C6219603D8D1}.Release|x86.Build.0 = Release|Win32
		{602BDFCD-2A92-4192-B400-BEF7079E7C40}.Debug|x64.ActiveCfg = Debug|x64
		{602BDFCD-2A92-4192-B400-BEF7079E7C40}.Debug|x64.Build.0 = Debug|x64
		{602BDFCD-2A92-4192-B400-BEF7079E7C40}.Debug|x86.ActiveCfg = Debug|Win32
		{602BDFCD-2A92-4192-B400-BEF7079E7C40}.Debug|x86.Build.0 = Debug|Win32
		{602BDFCD-2A92-4192-B400-BEF7079E7C40}.Release|x64.ActiveCfg = Release|x64
		{602BDFCD-2A92-4192-B400-BEF7079E7C40}.Release|x64.Build.0 = Release|x64
		{602BDFCD-2A92-4192-B400-BEF7079E7C40}.Release|x86.ActiveCfg = Release|Win32
		{602BDFCD-2A92-4192-B400-BEF7079E7C40}.Release|x86.Build.0 = Release|Win32
		{FF114C77-EB3D-43C5-8A42-1B541B0948FC}.Debug|x64.ActiveCfg = Debug|x64
		{FF114C77-EB3D-43C5-8A42-1B541B0948FC}.Debug|x64.Build.0 = Debug|x64
		{FF114C77-EB3D-43C5-8A42-1B541B0948FC}.Debug|x86.ActiveCfg = Debug|Win32
		{FF114C77-EB3D-43C5-8A42-1B541B0948FC}.Debug|x86.Build.0 = Debug|Win32
		{FF114C77-EB3D-43C5-8A42-1B541B0948FC}.Release|x64.ActiveCfg = Release|x64
		{FF114C77-EB3D-43C5-8A42-1B541B0948FC}.Release|x64.Build.0 = Release|x64
		{FF114C77-EB3D-43C5-8A42-1B541B0948FC}.Release|x86.ActiveCfg = Release|Win32
		{FF114C77-EB3D-43C5-8A42-1B541B0948FC}.Release|x86.Build.0 = Release|Win32
		{F0F3AB5B-F8F6-49D7-B638-25FA35A30454}.Debug|x64.ActiveCfg = Debug|x64
		{F0F3AB5B-F8F6-49D7-B638-25FA35A30454}.Debug|x64.Build.0 = Debug|x64
		{F0F3AB5B-F8F6-49D7-B638-25FA35A30454}.Debug|x86.ActiveCfg = Debug|Win32
		{F0F3AB5B-F8F6-49D7-B638-25FA35A30454}.Debug|x86.Build.0 = Debug|Win32
		{F0F3AB5B-F8F6-49D7-B638-25FA35A30454}.Release|x64.ActiveCfg = Release|x64
		{F0F3AB5B-F8F6-49D7-B638-25FA35A30454}.Release|x64.Build.0 = Release|x64
		{F0F3AB5B-F8F6-49D7-B638-25FA35A30454}.Release|x86.ActiveCfg = Release|Win32
		{F0F3AB5B-F8F6-49D7-B638-25FA35A30454}.Release|x86.Build.0 = Release|Win32
		{9448EA0B-2F29-4ED8-A457-BBD84CA91FFD}.Debug|x64.ActiveCfg = Debug|x64
		{9448EA0B-2F29-4ED8-A457-BBD84CA91FFD}.Debug|x64.Build.0 = Debug|x64
		{9448EA0B-2F29-4ED8-A457-BBD84CA91FFD}.Debug|x86.ActiveCfg = Debug|Win32
		{9448EA0B-2F29-4ED8-A457-BBD84CA91FFD}.Debug|x86.Build.0 = Debug|Win32
		{9448EA0B-2F29-4ED8-A457-BBD84CA91FFD}.Release|x64.ActiveCfg = Release|x64
		{9448EA0B-2F29-4ED8-A457-BBD84CA91FFD}.Release|x64.Build.0 = Release|x64
		{9448EA0B-2F29-4ED8-A457-BBD84CA91FFD}.Release|x86.ActiveCfg = Release|Win32
		{9448EA0B-2F29-4ED8-A457-BBD84CA91FFD}.Release|x86.Build.0 = Release|Win32
		{9AD7ADDE-0DB6-4F2A-B6D7-B9276C3661A2}.Debug|x64.ActiveCfg = Debug|x64
		{9AD7ADDE-0DB6-4F2A-B6D7-B9276C3661A2}.Debug|x64.Build.0 = Debug|x64
		{9AD7ADDE-0DB6-4F2A-B6D7-B9276C3661A2}.Debug|x86.ActiveCfg = Debug|Win32
		{9AD7ADDE-0DB6-4F2A-B6D7-B9276C3661A2}.Debug|x86.Build.0 = Debug|Win32
		{9AD7ADDE-0DB6-4F2A-B6D7-B9276C3661A2}.Release|x64.ActiveCfg = Release|x64
		{9AD7ADDE-0DB6-4F2A-B6D7-B9276C3661A2}.Release|x64.Build.0 = Release|x64
		{9AD7ADDE-0DB6-4F2A-B6D7-B9276C3661A2}.Release|x86.ActiveCfg = Release|Win32
		{9AD7ADDE-0DB6-4F2A-B6D7-B9276C3661A2}.Release|x86.Build.0 = Release|Win32
		{A2081DF0-4B7A-4DDB-8E1B-9F3B0C954909}.Debug|x64.ActiveCfg = Debug|x64
		{A2081DF0-4B7A-4DDB-8E1B-9F3B0C954909}.Debug|x64.Build.0 = Debug|x64
		{A2081DF0-4B7A-4DDB-8E1B-9F3B0C954909}.Debug|x86.ActiveCfg = Debug|Win32
		{A2081DF0-4B7A-4DDB-8E1B-9F3B0C954909}.Debug|x86.Build.0 = Debug|Win32
		{A2081DF0-4B7A-4DDB-8E1B-9F3B0C954909}.Release|x64.ActiveCfg = Release|x64
		{A2081DF0-4B7A-4DDB-8E1B-9F3B0C954909}.Release|x64.Build.0 = Release|x64
		{A2081DF0-4B7A-4DDB-8E1B-9F3B0C954909}.Release|x86.ActiveCfg = Release|Win32
		{A2081DF0-4B7A-4DDB-8E1B-9F3B0C954909}.Release|x86.Build.0 = Release|Win32
		{777C9869-6DB3-4A56-8E9C-D163A441365C}.Debug|x64.ActiveCfg = Debug|x64
		{777C9869-6DB3-4A56-8E9C-D163A441365C}.Debug|x64.Build.0 = Debug|x64
		{777C9869-6DB3-4A56-8E9C-D163A441365C}.Debug|x86.ActiveCfg = Debug|Win32
		{777C9869-6DB3-4A56-8E9C-D163A441365C}.Debug|x86.Build.0 = Debug|Win32
		{777C9869-6DB3-4A56-8E9C-D163A441365C}.Release|x64.ActiveCfg = Release|x64
		{777C9869-6DB3-4A56-8E9C-D163A441365C}.Release|x64.Build.0 = Release|x64
		{777C9869-6DB3-4A56-8E9C-D163A441365C}.Release|x86.ActiveCfg = Release|Win32
		{777C9869-6DB3-4A56-8E9C-D163A441365C}.Release|x86.Build.0 = Release|Win32
	EndGlobalSection
	GlobalSection(SolutionProperties) = preSolution
		HideSolutionNode = FALSE
	EndGlobalSection
	GlobalSection(ExtensibilityGlobals) = postSolution
		SolutionGuid = {9FEF4A50-9901-47DB-A0DD-C4BE412CD61D}
	EndGlobalSection
EndGlobal
